
Microsoft Visual Studio Solution File, Format Version 12.00
# Visual Studio Version 16
VisualStudioVersion = 16.0.29613.14
MinimumVisualStudioVersion = 10.0.40219.1
Project("{FAE04EC0-301F-11D3-BF4B-00C04F79EFBC}") = "BillIndentityChallenge", "BillIndentityChallenge\BillIndentityChallenge.csproj", "{D73F75FE-A980-4AF4-9FE7-0955F629B60A}"
EndProject
Global
	GlobalSection(SolutionConfigurationPlatforms) = preSolution
		Debug|Any CPU = Debug|Any CPU
		Release|Any CPU = Release|Any CPU
	EndGlobalSection
	GlobalSection(ProjectConfigurationPlatforms) = postSolution
		{D73F75FE-A980-4AF4-9FE7-0955F629B60A}.Debug|Any CPU.ActiveCfg = Debug|Any CPU
		{D73F75FE-A980-4AF4-9FE7-0955F629B60A}.Debug|Any CPU.Build.0 = Debug|Any CPU
		{D73F75FE-A980-4AF4-9FE7-0955F629B60A}.Release|Any CPU.ActiveCfg = Release|Any CPU
		{D73F75FE-A980-4AF4-9FE7-0955F629B60A}.Release|Any CPU.Build.0 = Release|Any CPU
	EndGlobalSection
	GlobalSection(SolutionProperties) = preSolution
		HideSolutionNode = FALSE
	EndGlobalSection
	GlobalSection(ExtensibilityGlobals) = postSolution
		SolutionGuid = {EE07BE0A-E9C7-48FE-BF15-F653EEBCD760}
	EndGlobalSection
EndGlobal
